
Microsoft Visual Studio Solution File, Format Version 12.00
# Visual Studio Version 17
VisualStudioVersion = 17.9.34723.18
MinimumVisualStudioVersion = 10.0.40219.1
Project("{FAE04EC0-301F-11D3-BF4B-00C04F79EFBC}") = "implementSerilog.Api", "implementSerilog\implementSerilog.Api.csproj", "{82492C21-8ABF-4A99-B9CC-F54F69B33EFD}"
EndProject
Project("{FAE04EC0-301F-11D3-BF4B-00C04F79EFBC}") = "implementSerilog.Core", "implementSerilog.Core\implementSerilog.Core.csproj", "{8459A2DB-CD06-413E-B2D0-67A21E6554F0}"
EndProject
Project("{FAE04EC0-301F-11D3-BF4B-00C04F79EFBC}") = "implementSerilog.Domain", "implementSerilog.Domain\implementSerilog.Domain.csproj", "{C4806F1A-AE22-4B48-8D19-B59984D03031}"
EndProject
Project("{FAE04EC0-301F-11D3-BF4B-00C04F79EFBC}") = "implementSerilog.Data", "implementSerilog.Data\implementSerilog.Data.csproj", "{341C7EB5-F213-4452-BCF6-7AA08D162142}"
EndProject
Project("{FAE04EC0-301F-11D3-BF4B-00C04F79EFBC}") = "implementSerilog.Service", "implementSerilog.Service\implementSerilog.Service.csproj", "{A92317BD-E0A0-44A2-91EF-9B5999BEA5FD}"
EndProject
Global
	GlobalSection(SolutionConfigurationPlatforms) = preSolution
		Debug|Any CPU = Debug|Any CPU
		Release|Any CPU = Release|Any CPU
	EndGlobalSection
	GlobalSection(ProjectConfigurationPlatforms) = postSolution
		{82492C21-8ABF-4A99-B9CC-F54F69B33EFD}.Debug|Any CPU.ActiveCfg = Debug|Any CPU
		{82492C21-8ABF-4A99-B9CC-F54F69B33EFD}.Debug|Any CPU.Build.0 = Debug|Any CPU
		{82492C21-8ABF-4A99-B9CC-F54F69B33EFD}.Release|Any CPU.ActiveCfg = Release|Any CPU
		{82492C21-8ABF-4A99-B9CC-F54F69B33EFD}.Release|Any CPU.Build.0 = Release|Any CPU
		{8459A2DB-CD06-413E-B2D0-67A21E6554F0}.Debug|Any CPU.ActiveCfg = Debug|Any CPU
		{8459A2DB-CD06-413E-B2D0-67A21E6554F0}.Debug|Any CPU.Build.0 = Debug|Any CPU
		{8459A2DB-CD06-413E-B2D0-67A21E6554F0}.Release|Any CPU.ActiveCfg = Release|Any CPU
		{8459A2DB-CD06-413E-B2D0-67A21E6554F0}.Release|Any CPU.Build.0 = Release|Any CPU
		{C4806F1A-AE22-4B48-8D19-B59984D03031}.Debug|Any CPU.ActiveCfg = Debug|Any CPU
		{C4806F1A-AE22-4B48-8D19-B59984D03031}.Debug|Any CPU.Build.0 = Debug|Any CPU
		{C4806F1A-AE22-4B48-8D19-B59984D03031}.Release|Any CPU.ActiveCfg = Release|Any CPU
		{C4806F1A-AE22-4B48-8D19-B59984D03031}.Release|Any CPU.Build.0 = Release|Any CPU
		{341C7EB5-F213-4452-BCF6-7AA08D162142}.Debug|Any CPU.ActiveCfg = Debug|Any CPU
		{341C7EB5-F213-4452-BCF6-7AA08D162142}.Debug|Any CPU.Build.0 = Debug|Any CPU
		{341C7EB5-F213-4452-BCF6-7AA08D162142}.Release|Any CPU.ActiveCfg = Release|Any CPU
		{341C7EB5-F213-4452-BCF6-7AA08D162142}.Release|Any CPU.Build.0 = Release|Any CPU
		{A92317BD-E0A0-44A2-91EF-9B5999BEA5FD}.Debug|Any CPU.ActiveCfg = Debug|Any CPU
		{A92317BD-E0A0-44A2-91EF-9B5999BEA5FD}.Debug|Any CPU.Build.0 = Debug|Any CPU
		{A92317BD-E0A0-44A2-91EF-9B5999BEA5FD}.Release|Any CPU.ActiveCfg = Release|Any CPU
		{A92317BD-E0A0-44A2-91EF-9B5999BEA5FD}.Release|Any CPU.Build.0 = Release|Any CPU
	EndGlobalSection
	GlobalSection(SolutionProperties) = preSolution
		HideSolutionNode = FALSE
	EndGlobalSection
	GlobalSection(ExtensibilityGlobals) = postSolution
		SolutionGuid = {A0B6C6FD-7FF4-407F-9709-EB0E05933336}
	EndGlobalSection
EndGlobal
