
Microsoft Visual Studio Solution File, Format Version 12.00
# Visual Studio Version 17
VisualStudioVersion = 17.9.34723.18
MinimumVisualStudioVersion = 10.0.40219.1
Project("{FAE04EC0-301F-11D3-BF4B-00C04F79EFBC}") = "implementSerilog", "implementSerilog\implementSerilog.csproj", "{82492C21-8ABF-4A99-B9CC-F54F69B33EFD}"
EndProject
Global
	GlobalSection(SolutionConfigurationPlatforms) = preSolution
		Debug|Any CPU = Debug|Any CPU
		Release|Any CPU = Release|Any CPU
	EndGlobalSection
	GlobalSection(ProjectConfigurationPlatforms) = postSolution
		{82492C21-8ABF-4A99-B9CC-F54F69B33EFD}.Debug|Any CPU.ActiveCfg = Debug|Any CPU
		{82492C21-8ABF-4A99-B9CC-F54F69B33EFD}.Debug|Any CPU.Build.0 = Debug|Any CPU
		{82492C21-8ABF-4A99-B9CC-F54F69B33EFD}.Release|Any CPU.ActiveCfg = Release|Any CPU
		{82492C21-8ABF-4A99-B9CC-F54F69B33EFD}.Release|Any CPU.Build.0 = Release|Any CPU
	EndGlobalSection
	GlobalSection(SolutionProperties) = preSolution
		HideSolutionNode = FALSE
	EndGlobalSection
	GlobalSection(ExtensibilityGlobals) = postSolution
		SolutionGuid = {A0B6C6FD-7FF4-407F-9709-EB0E05933336}
	EndGlobalSection
EndGlobal
